# THIS IS AN AUTOGENERATED FILE. DO NOT EDIT THIS FILE DIRECTLY.
# yarn lockfile v1


csv-parse@^4.4.5:
  version "4.4.5"
  resolved "https://registry.yarnpkg.com/csv-parse/-/csv-parse-4.4.5.tgz#383255357a766c220be049e4f1f2c3016eb9ac66"
  integrity sha512-koPV9m9AjNJCK3ig4ErgRJalZsLxWI7NP0Fd3+CO9hgDZt3FSljTeESnfWTbyRc8qk/3/LgX1s5naDqLxiuK9w==

kleur@^3.0.3:
  version "3.0.3"
  resolved "https://registry.yarnpkg.com/kleur/-/kleur-3.0.3.tgz#a79c9ecc86ee1ce3fa6206d1216c501f147fc07e"

prompts@^2.2.1:
  version "2.2.1"
  resolved "https://registry.yarnpkg.com/prompts/-/prompts-2.2.1.tgz#f901dd2a2dfee080359c0e20059b24188d75ad35"
  dependencies:
    kleur "^3.0.3"
    sisteransi "^1.0.3"

sisteransi@^1.0.3:
  version "1.0.3"
  resolved "https://registry.yarnpkg.com/sisteransi/-/sisteransi-1.0.3.tgz#98168d62b79e3a5e758e27ae63c4a053d748f4eb"
